<Solution>
  <Project Path="AssetUsageService/AssetUsageService.csproj" />
  <Project Path="iO.Sitecore.publishing/iO.Sitecore.publishing.csproj" Id="3bb11310-6839-4845-b173-527480223523" />
  <Project Path="AssetUsageServiceTests/AssetUsageServiceTests.csproj" Id="a6a9fd4a-441f-4691-bddf-efa45b777cf5" />
  <Properties Name="ExtensibilityGlobals" Scope="PostLoad">
    <Property Name="EnterpriseLibraryConfigurationToolBinariesPathV6" Value="packages\EnterpriseLibrary.Common.6.0.1304.0\lib\NET45;packages\EnterpriseLibrary.TransientFaultHandling.6.0.1304.0\lib\portable-net45+win+wp8;packages\EnterpriseLibrary.TransientFaultHandling.Caching.6.0.1304.0\lib\NET45;packages\EnterpriseLibrary.TransientFaultHandling.Data.6.0.1304.1\lib\NET45;packages\EnterpriseLibrary.TransientFaultHandling.ServiceBus.6.0.1304.0\lib\NET45;packages\EnterpriseLibrary.TransientFaultHandling.WindowsAzure.Storage.6.0.1304.0\lib\NET45;packages\EnterpriseLibrary.TransientFaultHandling.Configuration.6.0.1304.0\lib\NET45" />
  </Properties>
</Solution>